
Microsoft Visual Studio Solution File, Format Version 12.00
# Visual Studio Version 16
VisualStudioVersion = 16.0.30128.74
MinimumVisualStudioVersion = 10.0.40219.1
Project("{9A19103F-16F7-4668-BE54-9A1E7A4F7556}") = "Transaction.Data.Service.API", "Transaction.Data.Service.API\Transaction.Data.Service.API.csproj", "{FD4CE454-F597-41FF-9428-2470BA1205A6}"
EndProject
Project("{9A19103F-16F7-4668-BE54-9A1E7A4F7556}") = "Transaction.Data.Service.BLL", "Transaction.Data.Service.BLL\Transaction.Data.Service.BLL.csproj", "{DF145D9B-EF8D-48EA-8955-0D895FA3B91A}"
EndProject
Project("{9A19103F-16F7-4668-BE54-9A1E7A4F7556}") = "Transaction.Data.Service.DAL", "Transaction.Data.Service.DAL\Transaction.Data.Service.DAL.csproj", "{DC27350B-85B4-4821-92C2-6B37CF07AD22}"
EndProject
Project("{9A19103F-16F7-4668-BE54-9A1E7A4F7556}") = "Transaction.Data.Service.Host", "Transaction.Data.Service.Host\Transaction.Data.Service.Host.csproj", "{AE057FF3-08D1-4CDB-9311-B4BC450E6371}"
EndProject
Project("{FAE04EC0-301F-11D3-BF4B-00C04F79EFBC}") = "Transaction.Data.Service.DTO", "Transaction.Data.Service.DTO\Transaction.Data.Service.DTO.csproj", "{C501E184-82F9-4467-AA90-DB4392040516}"
EndProject
Global
	GlobalSection(SolutionConfigurationPlatforms) = preSolution
		Debug|Any CPU = Debug|Any CPU
		Release|Any CPU = Release|Any CPU
	EndGlobalSection
	GlobalSection(ProjectConfigurationPlatforms) = postSolution
		{FD4CE454-F597-41FF-9428-2470BA1205A6}.Debug|Any CPU.ActiveCfg = Debug|Any CPU
		{FD4CE454-F597-41FF-9428-2470BA1205A6}.Debug|Any CPU.Build.0 = Debug|Any CPU
		{FD4CE454-F597-41FF-9428-2470BA1205A6}.Release|Any CPU.ActiveCfg = Release|Any CPU
		{FD4CE454-F597-41FF-9428-2470BA1205A6}.Release|Any CPU.Build.0 = Release|Any CPU
		{DF145D9B-EF8D-48EA-8955-0D895FA3B91A}.Debug|Any CPU.ActiveCfg = Debug|Any CPU
		{DF145D9B-EF8D-48EA-8955-0D895FA3B91A}.Debug|Any CPU.Build.0 = Debug|Any CPU
		{DF145D9B-EF8D-48EA-8955-0D895FA3B91A}.Release|Any CPU.ActiveCfg = Release|Any CPU
		{DF145D9B-EF8D-48EA-8955-0D895FA3B91A}.Release|Any CPU.Build.0 = Release|Any CPU
		{DC27350B-85B4-4821-92C2-6B37CF07AD22}.Debug|Any CPU.ActiveCfg = Debug|Any CPU
		{DC27350B-85B4-4821-92C2-6B37CF07AD22}.Debug|Any CPU.Build.0 = Debug|Any CPU
		{DC27350B-85B4-4821-92C2-6B37CF07AD22}.Release|Any CPU.ActiveCfg = Release|Any CPU
		{DC27350B-85B4-4821-92C2-6B37CF07AD22}.Release|Any CPU.Build.0 = Release|Any CPU
		{AE057FF3-08D1-4CDB-9311-B4BC450E6371}.Debug|Any CPU.ActiveCfg = Debug|Any CPU
		{AE057FF3-08D1-4CDB-9311-B4BC450E6371}.Debug|Any CPU.Build.0 = Debug|Any CPU
		{AE057FF3-08D1-4CDB-9311-B4BC450E6371}.Release|Any CPU.ActiveCfg = Release|Any CPU
		{AE057FF3-08D1-4CDB-9311-B4BC450E6371}.Release|Any CPU.Build.0 = Release|Any CPU
		{C501E184-82F9-4467-AA90-DB4392040516}.Debug|Any CPU.ActiveCfg = Debug|Any CPU
		{C501E184-82F9-4467-AA90-DB4392040516}.Debug|Any CPU.Build.0 = Debug|Any CPU
		{C501E184-82F9-4467-AA90-DB4392040516}.Release|Any CPU.ActiveCfg = Release|Any CPU
		{C501E184-82F9-4467-AA90-DB4392040516}.Release|Any CPU.Build.0 = Release|Any CPU
	EndGlobalSection
	GlobalSection(SolutionProperties) = preSolution
		HideSolutionNode = FALSE
	EndGlobalSection
	GlobalSection(ExtensibilityGlobals) = postSolution
		SolutionGuid = {A09ABDB8-4D23-47D4-806D-FB64A96D1FCC}
	EndGlobalSection
EndGlobal
